// !$*UTF8*$!
{
	archiveVersion = 1;
	classes = {
	};
	objectVersion = 55;
	objects = {

/* Begin PBXBuildFile section */
		104074E0277C949000C0C60D /* AppDelegate.swift in Sources */ = {isa = PBXBuildFile; fileRef = 104074DF277C949000C0C60D /* AppDelegate.swift */; };
		104074E2277C949000C0C60D /* SceneDelegate.swift in Sources */ = {isa = PBXBuildFile; fileRef = 104074E1277C949000C0C60D /* SceneDelegate.swift */; };
		104074E7277C949000C0C60D /* Main.storyboard in Resources */ = {isa = PBXBuildFile; fileRef = 104074E5277C949000C0C60D /* Main.storyboard */; };
		104074E9277C949100C0C60D /* Assets.xcassets in Resources */ = {isa = PBXBuildFile; fileRef = 104074E8277C949100C0C60D /* Assets.xcassets */; };
		104074EC277C949100C0C60D /* LaunchScreen.storyboard in Resources */ = {isa = PBXBuildFile; fileRef = 104074EA277C949100C0C60D /* LaunchScreen.storyboard */; };
		104074F8277C96FA00C0C60D /* UsersTabBarController.swift in Sources */ = {isa = PBXBuildFile; fileRef = 104074F7277C96FA00C0C60D /* UsersTabBarController.swift */; };
		104074FA277C97C900C0C60D /* UserListTableView.swift in Sources */ = {isa = PBXBuildFile; fileRef = 104074F9277C97C900C0C60D /* UserListTableView.swift */; };
		104074FC277C97E600C0C60D /* DetailUserListTableView.swift in Sources */ = {isa = PBXBuildFile; fileRef = 104074FB277C97E600C0C60D /* DetailUserListTableView.swift */; };
		104074FE277C981900C0C60D /* UserInfoViewController.swift in Sources */ = {isa = PBXBuildFile; fileRef = 104074FD277C981900C0C60D /* UserInfoViewController.swift */; };
		10407502277C997400C0C60D /* Person.swift in Sources */ = {isa = PBXBuildFile; fileRef = 10407501277C997400C0C60D /* Person.swift */; };
		10407504277C9A7700C0C60D /* DataManager.swift in Sources */ = {isa = PBXBuildFile; fileRef = 10407503277C9A7700C0C60D /* DataManager.swift */; };
/* End PBXBuildFile section */

/* Begin PBXFileReference section */
		104074DC277C949000C0C60D /* UserAppTableView.app */ = {isa = PBXFileReference; explicitFileType = wrapper.application; includeInIndex = 0; path = UserAppTableView.app; sourceTree = BUILT_PRODUCTS_DIR; };
		104074DF277C949000C0C60D /* AppDelegate.swift */ = {isa = PBXFileReference; lastKnownFileType = sourcecode.swift; path = AppDelegate.swift; sourceTree = "<group>"; };
		104074E1277C949000C0C60D /* SceneDelegate.swift */ = {isa = PBXFileReference; lastKnownFileType = sourcecode.swift; path = SceneDelegate.swift; sourceTree = "<group>"; };
		104074E6277C949000C0C60D /* Base */ = {isa = PBXFileReference; lastKnownFileType = file.storyboard; name = Base; path = Base.lproj/Main.storyboard; sourceTree = "<group>"; };
		104074E8277C949100C0C60D /* Assets.xcassets */ = {isa = PBXFileReference; lastKnownFileType = folder.assetcatalog; path = Assets.xcassets; sourceTree = "<group>"; };
		104074EB277C949100C0C60D /* Base */ = {isa = PBXFileReference; lastKnownFileType = file.storyboard; name = Base; path = Base.lproj/LaunchScreen.storyboard; sourceTree = "<group>"; };
		104074ED277C949100C0C60D /* Info.plist */ = {isa = PBXFileReference; lastKnownFileType = text.plist.xml; path = Info.plist; sourceTree = "<group>"; };
		104074F7277C96FA00C0C60D /* UsersTabBarController.swift */ = {isa = PBXFileReference; lastKnownFileType = sourcecode.swift; path = UsersTabBarController.swift; sourceTree = "<group>"; };
		104074F9277C97C900C0C60D /* UserListTableView.swift */ = {isa = PBXFileReference; lastKnownFileType = sourcecode.swift; path = UserListTableView.swift; sourceTree = "<group>"; };
		104074FB277C97E600C0C60D /* DetailUserListTableView.swift */ = {isa = PBXFileReference; lastKnownFileType = sourcecode.swift; path = DetailUserListTableView.swift; sourceTree = "<group>"; };
		104074FD277C981900C0C60D /* UserInfoViewController.swift */ = {isa = PBXFileReference; lastKnownFileType = sourcecode.swift; path = UserInfoViewController.swift; sourceTree = "<group>"; };
		10407501277C997400C0C60D /* Person.swift */ = {isa = PBXFileReference; lastKnownFileType = sourcecode.swift; path = Person.swift; sourceTree = "<group>"; };
		10407503277C9A7700C0C60D /* DataManager.swift */ = {isa = PBXFileReference; lastKnownFileType = sourcecode.swift; path = DataManager.swift; sourceTree = "<group>"; };
/* End PBXFileReference section */

/* Begin PBXFrameworksBuildPhase section */
		104074D9277C949000C0C60D /* Frameworks */ = {
			isa = PBXFrameworksBuildPhase;
			buildActionMask = 2147483647;
			files = (
			);
			runOnlyForDeploymentPostprocessing = 0;
		};
/* End PBXFrameworksBuildPhase section */

/* Begin PBXGroup section */
		104074D3277C949000C0C60D = {
			isa = PBXGroup;
			children = (
				104074DE277C949000C0C60D /* UserAppTableView */,
				104074DD277C949000C0C60D /* Products */,
			);
			sourceTree = "<group>";
		};
		104074DD277C949000C0C60D /* Products */ = {
			isa = PBXGroup;
			children = (
				104074DC277C949000C0C60D /* UserAppTableView.app */,
			);
			name = Products;
			sourceTree = "<group>";
		};
		104074DE277C949000C0C60D /* UserAppTableView */ = {
			isa = PBXGroup;
			children = (
				10407500277C986700C0C60D /* SupportFiles */,
				104074F6277C969400C0C60D /* Models */,
				104074F5277C968600C0C60D /* Views */,
				104074F4277C967600C0C60D /* Controllers */,
			);
			path = UserAppTableView;
			sourceTree = "<group>";
		};
		104074F4277C967600C0C60D /* Controllers */ = {
			isa = PBXGroup;
			children = (
				104074F7277C96FA00C0C60D /* UsersTabBarController.swift */,
				104074F9277C97C900C0C60D /* UserListTableView.swift */,
				104074FB277C97E600C0C60D /* DetailUserListTableView.swift */,
				104074FD277C981900C0C60D /* UserInfoViewController.swift */,
			);
			path = Controllers;
			sourceTree = "<group>";
		};
		104074F5277C968600C0C60D /* Views */ = {
			isa = PBXGroup;
			children = (
				104074EA277C949100C0C60D /* LaunchScreen.storyboard */,
				104074E5277C949000C0C60D /* Main.storyboard */,
			);
			path = Views;
			sourceTree = "<group>";
		};
		104074F6277C969400C0C60D /* Models */ = {
			isa = PBXGroup;
			children = (
				10407501277C997400C0C60D /* Person.swift */,
			);
			path = Models;
			sourceTree = "<group>";
		};
		10407500277C986700C0C60D /* SupportFiles */ = {
			isa = PBXGroup;
			children = (
				104074DF277C949000C0C60D /* AppDelegate.swift */,
				104074E1277C949000C0C60D /* SceneDelegate.swift */,
				104074E8277C949100C0C60D /* Assets.xcassets */,
				104074ED277C949100C0C60D /* Info.plist */,
				10407503277C9A7700C0C60D /* DataManager.swift */,
			);
			path = SupportFiles;
			sourceTree = "<group>";
		};
/* End PBXGroup section */

/* Begin PBXNativeTarget section */
		104074DB277C949000C0C60D /* UserAppTableView */ = {
			isa = PBXNativeTarget;
			buildConfigurationList = 104074F0277C949100C0C60D /* Build configuration list for PBXNativeTarget "UserAppTableView" */;
			buildPhases = (
				104074D8277C949000C0C60D /* Sources */,
				104074D9277C949000C0C60D /* Frameworks */,
				104074DA277C949000C0C60D /* Resources */,
			);
			buildRules = (
			);
			dependencies = (
			);
			name = UserAppTableView;
			productName = UserAppTableView;
			productReference = 104074DC277C949000C0C60D /* UserAppTableView.app */;
			productType = "com.apple.product-type.application";
		};
/* End PBXNativeTarget section */

/* Begin PBXProject section */
		104074D4277C949000C0C60D /* Project object */ = {
			isa = PBXProject;
			attributes = {
				BuildIndependentTargetsInParallel = 1;
				LastSwiftUpdateCheck = 1310;
				LastUpgradeCheck = 1310;
				TargetAttributes = {
					104074DB277C949000C0C60D = {
						CreatedOnToolsVersion = 13.1;
					};
				};
			};
			buildConfigurationList = 104074D7277C949000C0C60D /* Build configuration list for PBXProject "UserAppTableView" */;
			compatibilityVersion = "Xcode 13.0";
			developmentRegion = en;
			hasScannedForEncodings = 0;
			knownRegions = (
				en,
				Base,
			);
			mainGroup = 104074D3277C949000C0C60D;
			productRefGroup = 104074DD277C949000C0C60D /* Products */;
			projectDirPath = "";
			projectRoot = "";
			targets = (
				104074DB277C949000C0C60D /* UserAppTableView */,
			);
		};
/* End PBXProject section */

/* Begin PBXResourcesBuildPhase section */
		104074DA277C949000C0C60D /* Resources */ = {
			isa = PBXResourcesBuildPhase;
			buildActionMask = 2147483647;
			files = (
				104074EC277C949100C0C60D /* LaunchScreen.storyboard in Resources */,
				104074E9277C949100C0C60D /* Assets.xcassets in Resources */,
				104074E7277C949000C0C60D /* Main.storyboard in Resources */,
			);
			runOnlyForDeploymentPostprocessing = 0;
		};
/* End PBXResourcesBuildPhase section */

/* Begin PBXSourcesBuildPhase section */
		104074D8277C949000C0C60D /* Sources */ = {
			isa = PBXSourcesBuildPhase;
			buildActionMask = 2147483647;
			files = (
				104074FC277C97E600C0C60D /* DetailUserListTableView.swift in Sources */,
				104074FA277C97C900C0C60D /* UserListTableView.swift in Sources */,
				104074E0277C949000C0C60D /* AppDelegate.swift in Sources */,
				104074E2277C949000C0C60D /* SceneDelegate.swift in Sources */,
				10407502277C997400C0C60D /* Person.swift in Sources */,
				104074FE277C981900C0C60D /* UserInfoViewController.swift in Sources */,
				104074F8277C96FA00C0C60D /* UsersTabBarController.swift in Sources */,
				10407504277C9A7700C0C60D /* DataManager.swift in Sources */,
			);
			runOnlyForDeploymentPostprocessing = 0;
		};
/* End PBXSourcesBuildPhase section */

/* Begin PBXVariantGroup section */
		104074E5277C949000C0C60D /* Main.storyboard */ = {
			isa = PBXVariantGroup;
			children = (
				104074E6277C949000C0C60D /* Base */,
			);
			name = Main.storyboard;
			sourceTree = "<group>";
		};
		104074EA277C949100C0C60D /* LaunchScreen.storyboard */ = {
			isa = PBXVariantGroup;
			children = (
				104074EB277C949100C0C60D /* Base */,
			);
			name = LaunchScreen.storyboard;
			sourceTree = "<group>";
		};
/* End PBXVariantGroup section */

/* Begin XCBuildConfiguration section */
		104074EE277C949100C0C60D /* Debug */ = {
			isa = XCBuildConfiguration;
			buildSettings = {
				ALWAYS_SEARCH_USER_PATHS = NO;
				CLANG_ANALYZER_NONNULL = YES;
				CLANG_ANALYZER_NUMBER_OBJECT_CONVERSION = YES_AGGRESSIVE;
				CLANG_CXX_LANGUAGE_STANDARD = "gnu++17";
				CLANG_CXX_LIBRARY = "libc++";
				CLANG_ENABLE_MODULES = YES;
				CLANG_ENABLE_OBJC_ARC = YES;
				CLANG_ENABLE_OBJC_WEAK = YES;
				CLANG_WARN_BLOCK_CAPTURE_AUTORELEASING = YES;
				CLANG_WARN_BOOL_CONVERSION = YES;
				CLANG_WARN_COMMA = YES;
				CLANG_WARN_CONSTANT_CONVERSION = YES;
				CLANG_WARN_DEPRECATED_OBJC_IMPLEMENTATIONS = YES;
				CLANG_WARN_DIRECT_OBJC_ISA_USAGE = YES_ERROR;
				CLANG_WARN_DOCUMENTATION_COMMENTS = YES;
				CLANG_WARN_EMPTY_BODY = YES;
				CLANG_WARN_ENUM_CONVERSION = YES;
				CLANG_WARN_INFINITE_RECURSION = YES;
				CLANG_WARN_INT_CONVERSION = YES;
				CLANG_WARN_NON_LITERAL_NULL_CONVERSION = YES;
				CLANG_WARN_OBJC_IMPLICIT_RETAIN_SELF = YES;
				CLANG_WARN_OBJC_LITERAL_CONVERSION = YES;
				CLANG_WARN_OBJC_ROOT_CLASS = YES_ERROR;
				CLANG_WARN_QUOTED_INCLUDE_IN_FRAMEWORK_HEADER = YES;
				CLANG_WARN_RANGE_LOOP_ANALYSIS = YES;
				CLANG_WARN_STRICT_PROTOTYPES = YES;
				CLANG_WARN_SUSPICIOUS_MOVE = YES;
				CLANG_WARN_UNGUARDED_AVAILABILITY = YES_AGGRESSIVE;
				CLANG_WARN_UNREACHABLE_CODE = YES;
				CLANG_WARN__DUPLICATE_METHOD_MATCH = YES;
				COPY_PHASE_STRIP = NO;
				DEBUG_INFORMATION_FORMAT = dwarf;
				ENABLE_STRICT_OBJC_MSGSEND = YES;
				ENABLE_TESTABILITY = YES;
				GCC_C_LANGUAGE_STANDARD = gnu11;
				GCC_DYNAMIC_NO_PIC = NO;
				GCC_NO_COMMON_BLOCKS = YES;
				GCC_OPTIMIZATION_LEVEL = 0;
				GCC_PREPROCESSOR_DEFINITIONS = (
					"DEBUG=1",
					"$(inherited)",
				);
				GCC_WARN_64_TO_32_BIT_CONVERSION = YES;
				GCC_WARN_ABOUT_RETURN_TYPE = YES_ERROR;
				GCC_WARN_UNDECLARED_SELECTOR = YES;
				GCC_WARN_UNINITIALIZED_AUTOS = YES_AGGRESSIVE;
				GCC_WARN_UNUSED_FUNCTION = YES;
				GCC_WARN_UNUSED_VARIABLE = YES;
				IPHONEOS_DEPLOYMENT_TARGET = 15.0;
				MTL_ENABLE_DEBUG_INFO = INCLUDE_SOURCE;
				MTL_FAST_MATH = YES;
				ONLY_ACTIVE_ARCH = YES;
				SDKROOT = iphoneos;
				SWIFT_ACTIVE_COMPILATION_CONDITIONS = DEBUG;
				SWIFT_OPTIMIZATION_LEVEL = "-Onone";
			};
			name = Debug;
		};
		104074EF277C949100C0C60D /* Release */ = {
			isa = XCBuildConfiguration;
			buildSettings = {
				ALWAYS_SEARCH_USER_PATHS = NO;
				CLANG_ANALYZER_NONNULL = YES;
				CLANG_ANALYZER_NUMBER_OBJECT_CONVERSION = YES_AGGRESSIVE;
				CLANG_CXX_LANGUAGE_STANDARD = "gnu++17";
				CLANG_CXX_LIBRARY = "libc++";
				CLANG_ENABLE_MODULES = YES;
				CLANG_ENABLE_OBJC_ARC = YES;
				CLANG_ENABLE_OBJC_WEAK = YES;
				CLANG_WARN_BLOCK_CAPTURE_AUTORELEASING = YES;
				CLANG_WARN_BOOL_CONVERSION = YES;
				CLANG_WARN_COMMA = YES;
				CLANG_WARN_CONSTANT_CONVERSION = YES;
				CLANG_WARN_DEPRECATED_OBJC_IMPLEMENTATIONS = YES;
				CLANG_WARN_DIRECT_OBJC_ISA_USAGE = YES_ERROR;
				CLANG_WARN_DOCUMENTATION_COMMENTS = YES;
				CLANG_WARN_EMPTY_BODY = YES;
				CLANG_WARN_ENUM_CONVERSION = YES;
				CLANG_WARN_INFINITE_RECURSION = YES;
				CLANG_WARN_INT_CONVERSION = YES;
				CLANG_WARN_NON_LITERAL_NULL_CONVERSION = YES;
				CLANG_WARN_OBJC_IMPLICIT_RETAIN_SELF = YES;
				CLANG_WARN_OBJC_LITERAL_CONVERSION = YES;
				CLANG_WARN_OBJC_ROOT_CLASS = YES_ERROR;
				CLANG_WARN_QUOTED_INCLUDE_IN_FRAMEWORK_HEADER = YES;
				CLANG_WARN_RANGE_LOOP_ANALYSIS = YES;
				CLANG_WARN_STRICT_PROTOTYPES = YES;
				CLANG_WARN_SUSPICIOUS_MOVE = YES;
				CLANG_WARN_UNGUARDED_AVAILABILITY = YES_AGGRESSIVE;
				CLANG_WARN_UNREACHABLE_CODE = YES;
				CLANG_WARN__DUPLICATE_METHOD_MATCH = YES;
				COPY_PHASE_STRIP = NO;
				DEBUG_INFORMATION_FORMAT = "dwarf-with-dsym";
				ENABLE_NS_ASSERTIONS = NO;
				ENABLE_STRICT_OBJC_MSGSEND = YES;
				GCC_C_LANGUAGE_STANDARD = gnu11;
				GCC_NO_COMMON_BLOCKS = YES;
				GCC_WARN_64_TO_32_BIT_CONVERSION = YES;
				GCC_WARN_ABOUT_RETURN_TYPE = YES_ERROR;
				GCC_WARN_UNDECLARED_SELECTOR = YES;
				GCC_WARN_UNINITIALIZED_AUTOS = YES_AGGRESSIVE;
				GCC_WARN_UNUSED_FUNCTION = YES;
				GCC_WARN_UNUSED_VARIABLE = YES;
				IPHONEOS_DEPLOYMENT_TARGET = 15.0;
				MTL_ENABLE_DEBUG_INFO = NO;
				MTL_FAST_MATH = YES;
				SDKROOT = iphoneos;
				SWIFT_COMPILATION_MODE = wholemodule;
				SWIFT_OPTIMIZATION_LEVEL = "-O";
				VALIDATE_PRODUCT = YES;
			};
			name = Release;
		};
		104074F1277C949100C0C60D /* Debug */ = {
			isa = XCBuildConfiguration;
			buildSettings = {
				ASSETCATALOG_COMPILER_APPICON_NAME = AppIcon;
				ASSETCATALOG_COMPILER_GLOBAL_ACCENT_COLOR_NAME = AccentColor;
				CODE_SIGN_STYLE = Automatic;
				CURRENT_PROJECT_VERSION = 1;
				DEVELOPMENT_TEAM = 69R52T495A;
				GENERATE_INFOPLIST_FILE = YES;
				INFOPLIST_FILE = UserAppTableView/SupportFiles/Info.plist;
				INFOPLIST_KEY_UIApplicationSupportsIndirectInputEvents = YES;
				INFOPLIST_KEY_UILaunchStoryboardName = LaunchScreen;
				INFOPLIST_KEY_UIMainStoryboardFile = Main;
				INFOPLIST_KEY_UISupportedInterfaceOrientations = UIInterfaceOrientationPortrait;
				INFOPLIST_KEY_UISupportedInterfaceOrientations_iPad = "UIInterfaceOrientationPortrait UIInterfaceOrientationPortraitUpsideDown UIInterfaceOrientationLandscapeLeft UIInterfaceOrientationLandscapeRight";
				INFOPLIST_KEY_UISupportedInterfaceOrientations_iPhone = "UIInterfaceOrientationPortrait UIInterfaceOrientationLandscapeLeft UIInterfaceOrientationLandscapeRight";
				LD_RUNPATH_SEARCH_PATHS = (
					"$(inherited)",
					"@executable_path/Frameworks",
				);
				MARKETING_VERSION = 1.0;
				PRODUCT_BUNDLE_IDENTIFIER = "quiz.bilarus-ilya.UserAppTableView";
				PRODUCT_NAME = "$(TARGET_NAME)";
				SWIFT_EMIT_LOC_STRINGS = YES;
				SWIFT_VERSION = 5.0;
				TARGETED_DEVICE_FAMILY = "1,2";
			};
			name = Debug;
		};
		104074F2277C949100C0C60D /* Release */ = {
			isa = XCBuildConfiguration;
			buildSettings = {
				ASSETCATALOG_COMPILER_APPICON_NAME = AppIcon;
				ASSETCATALOG_COMPILER_GLOBAL_ACCENT_COLOR_NAME = AccentColor;
				CODE_SIGN_STYLE = Automatic;
				CURRENT_PROJECT_VERSION = 1;
				DEVELOPMENT_TEAM = 69R52T495A;
				GENERATE_INFOPLIST_FILE = YES;
				INFOPLIST_FILE = UserAppTableView/SupportFiles/Info.plist;
				INFOPLIST_KEY_UIApplicationSupportsIndirectInputEvents = YES;
				INFOPLIST_KEY_UILaunchStoryboardName = LaunchScreen;
				INFOPLIST_KEY_UIMainStoryboardFile = Main;
				INFOPLIST_KEY_UISupportedInterfaceOrientations = UIInterfaceOrientationPortrait;
				INFOPLIST_KEY_UISupportedInterfaceOrientations_iPad = "UIInterfaceOrientationPortrait UIInterfaceOrientationPortraitUpsideDown UIInterfaceOrientationLandscapeLeft UIInterfaceOrientationLandscapeRight";
				INFOPLIST_KEY_UISupportedInterfaceOrientations_iPhone = "UIInterfaceOrientationPortrait UIInterfaceOrientationLandscapeLeft UIInterfaceOrientationLandscapeRight";
				LD_RUNPATH_SEARCH_PATHS = (
					"$(inherited)",
					"@executable_path/Frameworks",
				);
				MARKETING_VERSION = 1.0;
				PRODUCT_BUNDLE_IDENTIFIER = "quiz.bilarus-ilya.UserAppTableView";
				PRODUCT_NAME = "$(TARGET_NAME)";
				SWIFT_EMIT_LOC_STRINGS = YES;
				SWIFT_VERSION = 5.0;
				TARGETED_DEVICE_FAMILY = "1,2";
			};
			name = Release;
		};
/* End XCBuildConfiguration section */

/* Begin XCConfigurationList section */
		104074D7277C949000C0C60D /* Build configuration list for PBXProject "UserAppTableView" */ = {
			isa = XCConfigurationList;
			buildConfigurations = (
				104074EE277C949100C0C60D /* Debug */,
				104074EF277C949100C0C60D /* Release */,
			);
			defaultConfigurationIsVisible = 0;
			defaultConfigurationName = Release;
		};
		104074F0277C949100C0C60D /* Build configuration list for PBXNativeTarget "UserAppTableView" */ = {
			isa = XCConfigurationList;
			buildConfigurations = (
				104074F1277C949100C0C60D /* Debug */,
				104074F2277C949100C0C60D /* Release */,
			);
			defaultConfigurationIsVisible = 0;
			defaultConfigurationName = Release;
		};
/* End XCConfigurationList section */
	};
	rootObject = 104074D4277C949000C0C60D /* Project object */;
}
